// !$*UTF8*$!
{
	archiveVersion = 1;
	classes = {
	};
	objectVersion = 56;
	objects = {

/* Begin PBXBuildFile section */
		ED17D1582B71B4FC007E38D4 /* WeightedCompletionTime.swift in Sources */ = {isa = PBXBuildFile; fileRef = ED17D1572B71B4FC007E38D4 /* WeightedCompletionTime.swift */; };
		ED17D15A2B71B510007E38D4 /* Job.swift in Sources */ = {isa = PBXBuildFile; fileRef = ED17D1592B71B510007E38D4 /* Job.swift */; };
		ED17D15C2B71B621007E38D4 /* WeightedCompletionTimeTestCase.swift in Sources */ = {isa = PBXBuildFile; fileRef = ED17D15B2B71B621007E38D4 /* WeightedCompletionTimeTestCase.swift */; };
		ED17D1602B71B781007E38D4 /* weightedCompletionTime.txt in Resources */ = {isa = PBXBuildFile; fileRef = ED17D15F2B71B781007E38D4 /* weightedCompletionTime.txt */; };
		ED17D1632B71C250007E38D4 /* Prim.swift in Sources */ = {isa = PBXBuildFile; fileRef = ED17D1622B71C250007E38D4 /* Prim.swift */; };
		ED17D1652B71C2E4007E38D4 /* WheightedEdge.swift in Sources */ = {isa = PBXBuildFile; fileRef = ED17D1642B71C2E4007E38D4 /* WheightedEdge.swift */; };
		ED17D1672B71CFEE007E38D4 /* PrimTestCase.swift in Sources */ = {isa = PBXBuildFile; fileRef = ED17D1662B71CFEE007E38D4 /* PrimTestCase.swift */; };
		ED17D1692B71D04C007E38D4 /* minimumSpanningTree.txt in Resources */ = {isa = PBXBuildFile; fileRef = ED17D1682B71D04C007E38D4 /* minimumSpanningTree.txt */; };
		ED1FA00D2B53245C003882E3 /* KaratsubaTestCase.swift in Sources */ = {isa = PBXBuildFile; fileRef = ED1FA00C2B53245C003882E3 /* KaratsubaTestCase.swift */; };
		ED1FA0132B532488003882E3 /* BigInt in Frameworks */ = {isa = PBXBuildFile; productRef = ED1FA0122B532488003882E3 /* BigInt */; };
		ED1FA0162B54C8BC003882E3 /* Karatsuba.swift in Sources */ = {isa = PBXBuildFile; fileRef = ED1FA0152B54C8BC003882E3 /* Karatsuba.swift */; };
		ED2A837A2B57628800AD078B /* MergeSort.swift in Sources */ = {isa = PBXBuildFile; fileRef = ED2A83792B57628700AD078B /* MergeSort.swift */; };
		ED2A837C2B5768CD00AD078B /* MergeSortTestCase.swift in Sources */ = {isa = PBXBuildFile; fileRef = ED2A837B2B5768CD00AD078B /* MergeSortTestCase.swift */; };
		ED418FB42B6EFD2A0006D1BB /* medianMaintenance.txt in Resources */ = {isa = PBXBuildFile; fileRef = ED418FB32B6EFD2A0006D1BB /* medianMaintenance.txt */; };
		ED418FB72B6F00CE0006D1BB /* Heap.swift in Sources */ = {isa = PBXBuildFile; fileRef = ED418FB62B6F00CE0006D1BB /* Heap.swift */; };
		ED418FBC2B6F01980006D1BB /* MedianMaintenance.swift in Sources */ = {isa = PBXBuildFile; fileRef = ED418FBB2B6F01980006D1BB /* MedianMaintenance.swift */; };
		ED418FBE2B6F04160006D1BB /* MinHeap.swift in Sources */ = {isa = PBXBuildFile; fileRef = ED418FBD2B6F04160006D1BB /* MinHeap.swift */; };
		ED418FC02B6F042C0006D1BB /* MaxHeap.swift in Sources */ = {isa = PBXBuildFile; fileRef = ED418FBF2B6F042C0006D1BB /* MaxHeap.swift */; };
		ED418FC22B6F23AF0006D1BB /* MedianMaintenanceTestCase.swift in Sources */ = {isa = PBXBuildFile; fileRef = ED418FC12B6F23AF0006D1BB /* MedianMaintenanceTestCase.swift */; };
		ED418FC42B6F38250006D1BB /* BinarySearchTree.swift in Sources */ = {isa = PBXBuildFile; fileRef = ED418FC32B6F38250006D1BB /* BinarySearchTree.swift */; };
		ED418FC92B6F605C0006D1BB /* IntToBoolHashMap.swift in Sources */ = {isa = PBXBuildFile; fileRef = ED418FC82B6F605C0006D1BB /* IntToBoolHashMap.swift */; };
		ED418FCB2B6F62C70006D1BB /* TwoSum.swift in Sources */ = {isa = PBXBuildFile; fileRef = ED418FCA2B6F62C70006D1BB /* TwoSum.swift */; };
		ED418FCD2B6F64180006D1BB /* TwoSumTestCase.swift in Sources */ = {isa = PBXBuildFile; fileRef = ED418FCC2B6F64180006D1BB /* TwoSumTestCase.swift */; };
		ED418FCF2B6F64450006D1BB /* twoSumCount.txt in Resources */ = {isa = PBXBuildFile; fileRef = ED418FCE2B6F64450006D1BB /* twoSumCount.txt */; };
		ED78F3102B69ED3200A964BB /* Kosaraju.swift in Sources */ = {isa = PBXBuildFile; fileRef = ED78F30F2B69ED3200A964BB /* Kosaraju.swift */; };
		ED78F3122B6B192900A964BB /* KosarajuTestCase.swift in Sources */ = {isa = PBXBuildFile; fileRef = ED78F3112B6B192900A964BB /* KosarajuTestCase.swift */; };
		ED78F3152B6BEF0B00A964BB /* Dijkstra.swift in Sources */ = {isa = PBXBuildFile; fileRef = ED78F3142B6BEF0B00A964BB /* Dijkstra.swift */; };
		ED78F3172B6C902B00A964BB /* DijkstraTestCase.swift in Sources */ = {isa = PBXBuildFile; fileRef = ED78F3162B6C902B00A964BB /* DijkstraTestCase.swift */; };
		ED78F3192B6C935700A964BB /* dijkstraShortestPaths.txt in Resources */ = {isa = PBXBuildFile; fileRef = ED78F3182B6C935700A964BB /* dijkstraShortestPaths.txt */; };
		ED7950EF2B5986660056A753 /* QuickSort.swift in Sources */ = {isa = PBXBuildFile; fileRef = ED7950EE2B5986660056A753 /* QuickSort.swift */; };
		ED7950F42B5998B30056A753 /* QuickSortTestCase.swift in Sources */ = {isa = PBXBuildFile; fileRef = ED7950F32B5998B30056A753 /* QuickSortTestCase.swift */; };
		ED9DAD9F2B5DF43E009647A4 /* Karger.swift in Sources */ = {isa = PBXBuildFile; fileRef = ED9DAD9E2B5DF43E009647A4 /* Karger.swift */; };
		ED9DADA12B5DFE41009647A4 /* KargerTestCase.swift in Sources */ = {isa = PBXBuildFile; fileRef = ED9DADA02B5DFE41009647A4 /* KargerTestCase.swift */; };
		EDC8ECFA2B69D63C0081BAF9 /* mergeSortInversionCount.txt in Resources */ = {isa = PBXBuildFile; fileRef = EDC8ECF92B69D63C0081BAF9 /* mergeSortInversionCount.txt */; };
		EDC8ECFC2B69D73C0081BAF9 /* quickSortComparisonCount.txt in Resources */ = {isa = PBXBuildFile; fileRef = EDC8ECFB2B69D73C0081BAF9 /* quickSortComparisonCount.txt */; };
		EDC8ECFE2B69D9A50081BAF9 /* largestSCCs.txt in Resources */ = {isa = PBXBuildFile; fileRef = EDC8ECFD2B69D9A50081BAF9 /* largestSCCs.txt */; };
		EDCBBB192B63039300F4BE51 /* StanfordTestInputs.swift in Sources */ = {isa = PBXBuildFile; fileRef = EDCBBB182B63039300F4BE51 /* StanfordTestInputs.swift */; };
		EDCBBB1B2B63067500F4BE51 /* kargerMinCut.txt in Resources */ = {isa = PBXBuildFile; fileRef = EDCBBB1A2B63067500F4BE51 /* kargerMinCut.txt */; };
/* End PBXBuildFile section */

/* Begin PBXFileReference section */
		ED17D1572B71B4FC007E38D4 /* WeightedCompletionTime.swift */ = {isa = PBXFileReference; lastKnownFileType = sourcecode.swift; path = WeightedCompletionTime.swift; sourceTree = "<group>"; };
		ED17D1592B71B510007E38D4 /* Job.swift */ = {isa = PBXFileReference; lastKnownFileType = sourcecode.swift; path = Job.swift; sourceTree = "<group>"; };
		ED17D15B2B71B621007E38D4 /* WeightedCompletionTimeTestCase.swift */ = {isa = PBXFileReference; lastKnownFileType = sourcecode.swift; path = WeightedCompletionTimeTestCase.swift; sourceTree = "<group>"; };
		ED17D15F2B71B781007E38D4 /* weightedCompletionTime.txt */ = {isa = PBXFileReference; lastKnownFileType = text; path = weightedCompletionTime.txt; sourceTree = "<group>"; };
		ED17D1622B71C250007E38D4 /* Prim.swift */ = {isa = PBXFileReference; lastKnownFileType = sourcecode.swift; path = Prim.swift; sourceTree = "<group>"; };
		ED17D1642B71C2E4007E38D4 /* WheightedEdge.swift */ = {isa = PBXFileReference; lastKnownFileType = sourcecode.swift; path = WheightedEdge.swift; sourceTree = "<group>"; };
		ED17D1662B71CFEE007E38D4 /* PrimTestCase.swift */ = {isa = PBXFileReference; lastKnownFileType = sourcecode.swift; path = PrimTestCase.swift; sourceTree = "<group>"; };
		ED17D1682B71D04C007E38D4 /* minimumSpanningTree.txt */ = {isa = PBXFileReference; lastKnownFileType = text; path = minimumSpanningTree.txt; sourceTree = "<group>"; };
		ED1FA0092B53245C003882E3 /* Tests.xctest */ = {isa = PBXFileReference; explicitFileType = wrapper.cfbundle; includeInIndex = 0; path = Tests.xctest; sourceTree = BUILT_PRODUCTS_DIR; };
		ED1FA00C2B53245C003882E3 /* KaratsubaTestCase.swift */ = {isa = PBXFileReference; lastKnownFileType = sourcecode.swift; path = KaratsubaTestCase.swift; sourceTree = "<group>"; };
		ED1FA0152B54C8BC003882E3 /* Karatsuba.swift */ = {isa = PBXFileReference; lastKnownFileType = sourcecode.swift; path = Karatsuba.swift; sourceTree = "<group>"; };
		ED2A83792B57628700AD078B /* MergeSort.swift */ = {isa = PBXFileReference; lastKnownFileType = sourcecode.swift; path = MergeSort.swift; sourceTree = "<group>"; };
		ED2A837B2B5768CD00AD078B /* MergeSortTestCase.swift */ = {isa = PBXFileReference; lastKnownFileType = sourcecode.swift; path = MergeSortTestCase.swift; sourceTree = "<group>"; };
		ED418FB32B6EFD2A0006D1BB /* medianMaintenance.txt */ = {isa = PBXFileReference; lastKnownFileType = text; path = medianMaintenance.txt; sourceTree = "<group>"; };
		ED418FB62B6F00CE0006D1BB /* Heap.swift */ = {isa = PBXFileReference; lastKnownFileType = sourcecode.swift; path = Heap.swift; sourceTree = "<group>"; };
		ED418FBB2B6F01980006D1BB /* MedianMaintenance.swift */ = {isa = PBXFileReference; lastKnownFileType = sourcecode.swift; path = MedianMaintenance.swift; sourceTree = "<group>"; };
		ED418FBD2B6F04160006D1BB /* MinHeap.swift */ = {isa = PBXFileReference; lastKnownFileType = sourcecode.swift; path = MinHeap.swift; sourceTree = "<group>"; };
		ED418FBF2B6F042C0006D1BB /* MaxHeap.swift */ = {isa = PBXFileReference; lastKnownFileType = sourcecode.swift; path = MaxHeap.swift; sourceTree = "<group>"; };
		ED418FC12B6F23AF0006D1BB /* MedianMaintenanceTestCase.swift */ = {isa = PBXFileReference; lastKnownFileType = sourcecode.swift; path = MedianMaintenanceTestCase.swift; sourceTree = "<group>"; };
		ED418FC32B6F38250006D1BB /* BinarySearchTree.swift */ = {isa = PBXFileReference; lastKnownFileType = sourcecode.swift; path = BinarySearchTree.swift; sourceTree = "<group>"; };
		ED418FC82B6F605C0006D1BB /* IntToBoolHashMap.swift */ = {isa = PBXFileReference; lastKnownFileType = sourcecode.swift; path = IntToBoolHashMap.swift; sourceTree = "<group>"; };
		ED418FCA2B6F62C70006D1BB /* TwoSum.swift */ = {isa = PBXFileReference; lastKnownFileType = sourcecode.swift; path = TwoSum.swift; sourceTree = "<group>"; };
		ED418FCC2B6F64180006D1BB /* TwoSumTestCase.swift */ = {isa = PBXFileReference; lastKnownFileType = sourcecode.swift; path = TwoSumTestCase.swift; sourceTree = "<group>"; };
		ED418FCE2B6F64450006D1BB /* twoSumCount.txt */ = {isa = PBXFileReference; lastKnownFileType = text; path = twoSumCount.txt; sourceTree = "<group>"; };
		ED78F30F2B69ED3200A964BB /* Kosaraju.swift */ = {isa = PBXFileReference; lastKnownFileType = sourcecode.swift; path = Kosaraju.swift; sourceTree = "<group>"; };
		ED78F3112B6B192900A964BB /* KosarajuTestCase.swift */ = {isa = PBXFileReference; lastKnownFileType = sourcecode.swift; path = KosarajuTestCase.swift; sourceTree = "<group>"; };
		ED78F3142B6BEF0B00A964BB /* Dijkstra.swift */ = {isa = PBXFileReference; lastKnownFileType = sourcecode.swift; path = Dijkstra.swift; sourceTree = "<group>"; };
		ED78F3162B6C902B00A964BB /* DijkstraTestCase.swift */ = {isa = PBXFileReference; lastKnownFileType = sourcecode.swift; path = DijkstraTestCase.swift; sourceTree = "<group>"; };
		ED78F3182B6C935700A964BB /* dijkstraShortestPaths.txt */ = {isa = PBXFileReference; lastKnownFileType = text; path = dijkstraShortestPaths.txt; sourceTree = "<group>"; };
		ED7950EE2B5986660056A753 /* QuickSort.swift */ = {isa = PBXFileReference; lastKnownFileType = sourcecode.swift; path = QuickSort.swift; sourceTree = "<group>"; };
		ED7950F32B5998B30056A753 /* QuickSortTestCase.swift */ = {isa = PBXFileReference; lastKnownFileType = sourcecode.swift; path = QuickSortTestCase.swift; sourceTree = "<group>"; };
		ED9DAD9E2B5DF43E009647A4 /* Karger.swift */ = {isa = PBXFileReference; lastKnownFileType = sourcecode.swift; path = Karger.swift; sourceTree = "<group>"; };
		ED9DADA02B5DFE41009647A4 /* KargerTestCase.swift */ = {isa = PBXFileReference; lastKnownFileType = sourcecode.swift; path = KargerTestCase.swift; sourceTree = "<group>"; };
		EDC8ECF92B69D63C0081BAF9 /* mergeSortInversionCount.txt */ = {isa = PBXFileReference; lastKnownFileType = text; path = mergeSortInversionCount.txt; sourceTree = "<group>"; };
		EDC8ECFB2B69D73C0081BAF9 /* quickSortComparisonCount.txt */ = {isa = PBXFileReference; lastKnownFileType = text; path = quickSortComparisonCount.txt; sourceTree = "<group>"; };
		EDC8ECFD2B69D9A50081BAF9 /* largestSCCs.txt */ = {isa = PBXFileReference; lastKnownFileType = text; path = largestSCCs.txt; sourceTree = "<group>"; };
		EDCBBB182B63039300F4BE51 /* StanfordTestInputs.swift */ = {isa = PBXFileReference; lastKnownFileType = sourcecode.swift; path = StanfordTestInputs.swift; sourceTree = "<group>"; };
		EDCBBB1A2B63067500F4BE51 /* kargerMinCut.txt */ = {isa = PBXFileReference; fileEncoding = 4; lastKnownFileType = text; path = kargerMinCut.txt; sourceTree = "<group>"; };
/* End PBXFileReference section */

/* Begin PBXFrameworksBuildPhase section */
		ED1FA0062B53245C003882E3 /* Frameworks */ = {
			isa = PBXFrameworksBuildPhase;
			buildActionMask = 2147483647;
			files = (
				ED1FA0132B532488003882E3 /* BigInt in Frameworks */,
			);
			runOnlyForDeploymentPostprocessing = 0;
		};
/* End PBXFrameworksBuildPhase section */

/* Begin PBXGroup section */
		ED17D1552B71B468007E38D4 /* Greedy */ = {
			isa = PBXGroup;
			children = (
				ED17D1612B71C23F007E38D4 /* Prim */,
				ED17D1562B71B4D4007E38D4 /* WeightedCompletionTime */,
			);
			path = Greedy;
			sourceTree = "<group>";
		};
		ED17D1562B71B4D4007E38D4 /* WeightedCompletionTime */ = {
			isa = PBXGroup;
			children = (
				ED17D1572B71B4FC007E38D4 /* WeightedCompletionTime.swift */,
				ED17D1592B71B510007E38D4 /* Job.swift */,
				ED17D15B2B71B621007E38D4 /* WeightedCompletionTimeTestCase.swift */,
			);
			path = WeightedCompletionTime;
			sourceTree = "<group>";
		};
		ED17D1612B71C23F007E38D4 /* Prim */ = {
			isa = PBXGroup;
			children = (
				ED17D1622B71C250007E38D4 /* Prim.swift */,
				ED17D1642B71C2E4007E38D4 /* WheightedEdge.swift */,
				ED17D1662B71CFEE007E38D4 /* PrimTestCase.swift */,
			);
			path = Prim;
			sourceTree = "<group>";
		};
		ED1F9FFE2B5323D0003882E3 = {
			isa = PBXGroup;
			children = (
				ED1FA00B2B53245C003882E3 /* Tests */,
				ED1FA00A2B53245C003882E3 /* Products */,
			);
			sourceTree = "<group>";
		};
		ED1FA00A2B53245C003882E3 /* Products */ = {
			isa = PBXGroup;
			children = (
				ED1FA0092B53245C003882E3 /* Tests.xctest */,
			);
			name = Products;
			sourceTree = "<group>";
		};
		ED1FA00B2B53245C003882E3 /* Tests */ = {
			isa = PBXGroup;
			children = (
				ED17D1552B71B468007E38D4 /* Greedy */,
				ED418FC52B6F601D0006D1BB /* HashMap */,
				ED418FB52B6F00BD0006D1BB /* BinaryTree */,
				EDCBBB182B63039300F4BE51 /* StanfordTestInputs.swift */,
				EDC8ECF82B69B4AE0081BAF9 /* Resources */,
				ED9DAD9C2B5DF338009647A4 /* Graph */,
				ED1FA0172B55B23E003882E3 /* DivideAndConquer */,
			);
			path = Tests;
			sourceTree = "<group>";
		};
		ED1FA0172B55B23E003882E3 /* DivideAndConquer */ = {
			isa = PBXGroup;
			children = (
				ED7950F22B59989C0056A753 /* Karatsuba */,
				ED7950ED2B59852E0056A753 /* Sort */,
			);
			path = DivideAndConquer;
			sourceTree = "<group>";
		};
		ED418FB52B6F00BD0006D1BB /* BinaryTree */ = {
			isa = PBXGroup;
			children = (
				ED418FBA2B6F01660006D1BB /* BinarySearchTree */,
				ED418FB92B6F015F0006D1BB /* Heap */,
				ED418FB82B6F00D70006D1BB /* MedianMaintenance */,
			);
			path = BinaryTree;
			sourceTree = "<group>";
		};
		ED418FB82B6F00D70006D1BB /* MedianMaintenance */ = {
			isa = PBXGroup;
			children = (
				ED418FBB2B6F01980006D1BB /* MedianMaintenance.swift */,
				ED418FC12B6F23AF0006D1BB /* MedianMaintenanceTestCase.swift */,
			);
			path = MedianMaintenance;
			sourceTree = "<group>";
		};
		ED418FB92B6F015F0006D1BB /* Heap */ = {
			isa = PBXGroup;
			children = (
				ED418FB62B6F00CE0006D1BB /* Heap.swift */,
				ED418FBD2B6F04160006D1BB /* MinHeap.swift */,
				ED418FBF2B6F042C0006D1BB /* MaxHeap.swift */,
			);
			path = Heap;
			sourceTree = "<group>";
		};
		ED418FBA2B6F01660006D1BB /* BinarySearchTree */ = {
			isa = PBXGroup;
			children = (
				ED418FC32B6F38250006D1BB /* BinarySearchTree.swift */,
			);
			path = BinarySearchTree;
			sourceTree = "<group>";
		};
		ED418FC52B6F601D0006D1BB /* HashMap */ = {
			isa = PBXGroup;
			children = (
				ED418FC72B6F60420006D1BB /* TwoSumCount */,
				ED418FC62B6F602B0006D1BB /* IntegerHashMap */,
			);
			path = HashMap;
			sourceTree = "<group>";
		};
		ED418FC62B6F602B0006D1BB /* IntegerHashMap */ = {
			isa = PBXGroup;
			children = (
				ED418FC82B6F605C0006D1BB /* IntToBoolHashMap.swift */,
			);
			path = IntegerHashMap;
			sourceTree = "<group>";
		};
		ED418FC72B6F60420006D1BB /* TwoSumCount */ = {
			isa = PBXGroup;
			children = (
				ED418FCA2B6F62C70006D1BB /* TwoSum.swift */,
				ED418FCC2B6F64180006D1BB /* TwoSumTestCase.swift */,
			);
			path = TwoSumCount;
			sourceTree = "<group>";
		};
		ED78F30E2B69ED0400A964BB /* StrongConnectedComponents */ = {
			isa = PBXGroup;
			children = (
				ED78F30F2B69ED3200A964BB /* Kosaraju.swift */,
				ED78F3112B6B192900A964BB /* KosarajuTestCase.swift */,
			);
			path = StrongConnectedComponents;
			sourceTree = "<group>";
		};
		ED78F3132B6BEEFA00A964BB /* ShortestPaths */ = {
			isa = PBXGroup;
			children = (
				ED78F3142B6BEF0B00A964BB /* Dijkstra.swift */,
				ED78F3162B6C902B00A964BB /* DijkstraTestCase.swift */,
			);
			path = ShortestPaths;
			sourceTree = "<group>";
		};
		ED7950ED2B59852E0056A753 /* Sort */ = {
			isa = PBXGroup;
			children = (
				ED7950F12B5998850056A753 /* MergeSort */,
				ED7950F02B59987E0056A753 /* QuickSort */,
			);
			path = Sort;
			sourceTree = "<group>";
		};
		ED7950F02B59987E0056A753 /* QuickSort */ = {
			isa = PBXGroup;
			children = (
				ED7950EE2B5986660056A753 /* QuickSort.swift */,
				ED7950F32B5998B30056A753 /* QuickSortTestCase.swift */,
			);
			path = QuickSort;
			sourceTree = "<group>";
		};
		ED7950F12B5998850056A753 /* MergeSort */ = {
			isa = PBXGroup;
			children = (
				ED2A83792B57628700AD078B /* MergeSort.swift */,
				ED2A837B2B5768CD00AD078B /* MergeSortTestCase.swift */,
			);
			path = MergeSort;
			sourceTree = "<group>";
		};
		ED7950F22B59989C0056A753 /* Karatsuba */ = {
			isa = PBXGroup;
			children = (
				ED1FA00C2B53245C003882E3 /* KaratsubaTestCase.swift */,
				ED1FA0152B54C8BC003882E3 /* Karatsuba.swift */,
			);
			path = Karatsuba;
			sourceTree = "<group>";
		};
		ED9DAD9C2B5DF338009647A4 /* Graph */ = {
			isa = PBXGroup;
			children = (
				ED78F3132B6BEEFA00A964BB /* ShortestPaths */,
				ED78F30E2B69ED0400A964BB /* StrongConnectedComponents */,
				ED9DAD9D2B5DF348009647A4 /* MinCut */,
			);
			path = Graph;
			sourceTree = "<group>";
		};
		ED9DAD9D2B5DF348009647A4 /* MinCut */ = {
			isa = PBXGroup;
			children = (
				ED9DAD9E2B5DF43E009647A4 /* Karger.swift */,
				ED9DADA02B5DFE41009647A4 /* KargerTestCase.swift */,
			);
			path = MinCut;
			sourceTree = "<group>";
		};
		EDC8ECF82B69B4AE0081BAF9 /* Resources */ = {
			isa = PBXGroup;
			children = (
				EDCBBB1A2B63067500F4BE51 /* kargerMinCut.txt */,
				EDC8ECF92B69D63C0081BAF9 /* mergeSortInversionCount.txt */,
				EDC8ECFB2B69D73C0081BAF9 /* quickSortComparisonCount.txt */,
				EDC8ECFD2B69D9A50081BAF9 /* largestSCCs.txt */,
				ED78F3182B6C935700A964BB /* dijkstraShortestPaths.txt */,
				ED418FB32B6EFD2A0006D1BB /* medianMaintenance.txt */,
				ED418FCE2B6F64450006D1BB /* twoSumCount.txt */,
				ED17D15F2B71B781007E38D4 /* weightedCompletionTime.txt */,
				ED17D1682B71D04C007E38D4 /* minimumSpanningTree.txt */,
			);
			path = Resources;
			sourceTree = "<group>";
		};
/* End PBXGroup section */

/* Begin PBXNativeTarget section */
		ED1FA0082B53245C003882E3 /* Tests */ = {
			isa = PBXNativeTarget;
			buildConfigurationList = ED1FA00E2B53245C003882E3 /* Build configuration list for PBXNativeTarget "Tests" */;
			buildPhases = (
				ED1FA0052B53245C003882E3 /* Sources */,
				ED1FA0062B53245C003882E3 /* Frameworks */,
				ED1FA0072B53245C003882E3 /* Resources */,
			);
			buildRules = (
			);
			dependencies = (
			);
			name = Tests;
			packageProductDependencies = (
				ED1FA0122B532488003882E3 /* BigInt */,
			);
			productName = Tests;
			productReference = ED1FA0092B53245C003882E3 /* Tests.xctest */;
			productType = "com.apple.product-type.bundle.unit-test";
		};
/* End PBXNativeTarget section */

/* Begin PBXProject section */
		ED1F9FFF2B5323D0003882E3 /* Project object */ = {
			isa = PBXProject;
			attributes = {
				BuildIndependentTargetsInParallel = 1;
				LastSwiftUpdateCheck = 1410;
				LastUpgradeCheck = 1410;
				TargetAttributes = {
					ED1FA0082B53245C003882E3 = {
						CreatedOnToolsVersion = 14.1;
					};
				};
			};
			buildConfigurationList = ED1FA0022B5323D0003882E3 /* Build configuration list for PBXProject "Stanford Alogrithm Specialization" */;
			compatibilityVersion = "Xcode 14.0";
			developmentRegion = en;
			hasScannedForEncodings = 0;
			knownRegions = (
				en,
				Base,
			);
			mainGroup = ED1F9FFE2B5323D0003882E3;
			packageReferences = (
				ED1FA0112B532488003882E3 /* XCRemoteSwiftPackageReference "BigInt" */,
			);
			productRefGroup = ED1FA00A2B53245C003882E3 /* Products */;
			projectDirPath = "";
			projectRoot = "";
			targets = (
				ED1FA0082B53245C003882E3 /* Tests */,
			);
		};
/* End PBXProject section */

/* Begin PBXResourcesBuildPhase section */
		ED1FA0072B53245C003882E3 /* Resources */ = {
			isa = PBXResourcesBuildPhase;
			buildActionMask = 2147483647;
			files = (
				ED418FB42B6EFD2A0006D1BB /* medianMaintenance.txt in Resources */,
				EDC8ECFC2B69D73C0081BAF9 /* quickSortComparisonCount.txt in Resources */,
				ED17D1602B71B781007E38D4 /* weightedCompletionTime.txt in Resources */,
				ED78F3192B6C935700A964BB /* dijkstraShortestPaths.txt in Resources */,
				EDCBBB1B2B63067500F4BE51 /* kargerMinCut.txt in Resources */,
				ED418FCF2B6F64450006D1BB /* twoSumCount.txt in Resources */,
				ED17D1692B71D04C007E38D4 /* minimumSpanningTree.txt in Resources */,
				EDC8ECFA2B69D63C0081BAF9 /* mergeSortInversionCount.txt in Resources */,
				EDC8ECFE2B69D9A50081BAF9 /* largestSCCs.txt in Resources */,
			);
			runOnlyForDeploymentPostprocessing = 0;
		};
/* End PBXResourcesBuildPhase section */

/* Begin PBXSourcesBuildPhase section */
		ED1FA0052B53245C003882E3 /* Sources */ = {
			isa = PBXSourcesBuildPhase;
			buildActionMask = 2147483647;
			files = (
				ED1FA00D2B53245C003882E3 /* KaratsubaTestCase.swift in Sources */,
				ED7950EF2B5986660056A753 /* QuickSort.swift in Sources */,
				ED418FCD2B6F64180006D1BB /* TwoSumTestCase.swift in Sources */,
				ED418FC42B6F38250006D1BB /* BinarySearchTree.swift in Sources */,
				ED1FA0162B54C8BC003882E3 /* Karatsuba.swift in Sources */,
				ED78F3172B6C902B00A964BB /* DijkstraTestCase.swift in Sources */,
				ED17D15C2B71B621007E38D4 /* WeightedCompletionTimeTestCase.swift in Sources */,
				ED418FC02B6F042C0006D1BB /* MaxHeap.swift in Sources */,
				ED17D15A2B71B510007E38D4 /* Job.swift in Sources */,
				ED9DAD9F2B5DF43E009647A4 /* Karger.swift in Sources */,
				ED17D1652B71C2E4007E38D4 /* WheightedEdge.swift in Sources */,
				ED17D1582B71B4FC007E38D4 /* WeightedCompletionTime.swift in Sources */,
				ED7950F42B5998B30056A753 /* QuickSortTestCase.swift in Sources */,
				ED17D1672B71CFEE007E38D4 /* PrimTestCase.swift in Sources */,
				ED78F3152B6BEF0B00A964BB /* Dijkstra.swift in Sources */,
				EDCBBB192B63039300F4BE51 /* StanfordTestInputs.swift in Sources */,
				ED2A837A2B57628800AD078B /* MergeSort.swift in Sources */,
				ED78F3102B69ED3200A964BB /* Kosaraju.swift in Sources */,
				ED418FBE2B6F04160006D1BB /* MinHeap.swift in Sources */,
				ED418FBC2B6F01980006D1BB /* MedianMaintenance.swift in Sources */,
				ED2A837C2B5768CD00AD078B /* MergeSortTestCase.swift in Sources */,
				ED418FC92B6F605C0006D1BB /* IntToBoolHashMap.swift in Sources */,
				ED9DADA12B5DFE41009647A4 /* KargerTestCase.swift in Sources */,
				ED17D1632B71C250007E38D4 /* Prim.swift in Sources */,
				ED418FC22B6F23AF0006D1BB /* MedianMaintenanceTestCase.swift in Sources */,
				ED78F3122B6B192900A964BB /* KosarajuTestCase.swift in Sources */,
				ED418FCB2B6F62C70006D1BB /* TwoSum.swift in Sources */,
				ED418FB72B6F00CE0006D1BB /* Heap.swift in Sources */,
			);
			runOnlyForDeploymentPostprocessing = 0;
		};
/* End PBXSourcesBuildPhase section */

/* Begin XCBuildConfiguration section */
		ED1FA0032B5323D0003882E3 /* Debug */ = {
			isa = XCBuildConfiguration;
			buildSettings = {
			};
			name = Debug;
		};
		ED1FA0042B5323D0003882E3 /* Release */ = {
			isa = XCBuildConfiguration;
			buildSettings = {
			};
			name = Release;
		};
		ED1FA00F2B53245C003882E3 /* Debug */ = {
			isa = XCBuildConfiguration;
			buildSettings = {
				ALWAYS_SEARCH_USER_PATHS = NO;
				CLANG_ANALYZER_NONNULL = YES;
				CLANG_ANALYZER_NUMBER_OBJECT_CONVERSION = YES_AGGRESSIVE;
				CLANG_CXX_LANGUAGE_STANDARD = "gnu++20";
				CLANG_ENABLE_MODULES = YES;
				CLANG_ENABLE_OBJC_ARC = YES;
				CLANG_ENABLE_OBJC_WEAK = YES;
				CLANG_WARN_BLOCK_CAPTURE_AUTORELEASING = YES;
				CLANG_WARN_BOOL_CONVERSION = YES;
				CLANG_WARN_COMMA = YES;
				CLANG_WARN_CONSTANT_CONVERSION = YES;
				CLANG_WARN_DEPRECATED_OBJC_IMPLEMENTATIONS = YES;
				CLANG_WARN_DIRECT_OBJC_ISA_USAGE = YES_ERROR;
				CLANG_WARN_DOCUMENTATION_COMMENTS = YES;
				CLANG_WARN_EMPTY_BODY = YES;
				CLANG_WARN_ENUM_CONVERSION = YES;
				CLANG_WARN_INFINITE_RECURSION = YES;
				CLANG_WARN_INT_CONVERSION = YES;
				CLANG_WARN_NON_LITERAL_NULL_CONVERSION = YES;
				CLANG_WARN_OBJC_IMPLICIT_RETAIN_SELF = YES;
				CLANG_WARN_OBJC_LITERAL_CONVERSION = YES;
				CLANG_WARN_OBJC_ROOT_CLASS = YES_ERROR;
				CLANG_WARN_QUOTED_INCLUDE_IN_FRAMEWORK_HEADER = YES;
				CLANG_WARN_RANGE_LOOP_ANALYSIS = YES;
				CLANG_WARN_STRICT_PROTOTYPES = YES;
				CLANG_WARN_SUSPICIOUS_MOVE = YES;
				CLANG_WARN_UNGUARDED_AVAILABILITY = YES_AGGRESSIVE;
				CLANG_WARN_UNREACHABLE_CODE = YES;
				CLANG_WARN__DUPLICATE_METHOD_MATCH = YES;
				CODE_SIGN_STYLE = Automatic;
				COPY_PHASE_STRIP = NO;
				CURRENT_PROJECT_VERSION = 1;
				DEBUG_INFORMATION_FORMAT = dwarf;
				DEVELOPMENT_TEAM = FTRCW44YW5;
				ENABLE_STRICT_OBJC_MSGSEND = YES;
				ENABLE_TESTABILITY = YES;
				GCC_C_LANGUAGE_STANDARD = gnu11;
				GCC_DYNAMIC_NO_PIC = NO;
				GCC_NO_COMMON_BLOCKS = YES;
				GCC_OPTIMIZATION_LEVEL = 0;
				GCC_PREPROCESSOR_DEFINITIONS = (
					"DEBUG=1",
					"$(inherited)",
				);
				GCC_WARN_64_TO_32_BIT_CONVERSION = YES;
				GCC_WARN_ABOUT_RETURN_TYPE = YES_ERROR;
				GCC_WARN_UNDECLARED_SELECTOR = YES;
				GCC_WARN_UNINITIALIZED_AUTOS = YES_AGGRESSIVE;
				GCC_WARN_UNUSED_FUNCTION = YES;
				GCC_WARN_UNUSED_VARIABLE = YES;
				GENERATE_INFOPLIST_FILE = YES;
				IPHONEOS_DEPLOYMENT_TARGET = 16.1;
				MACOSX_DEPLOYMENT_TARGET = 13.0;
				MARKETING_VERSION = 1.0;
				MTL_ENABLE_DEBUG_INFO = INCLUDE_SOURCE;
				MTL_FAST_MATH = YES;
				ONLY_ACTIVE_ARCH = YES;
				PRODUCT_BUNDLE_IDENTIFIER = com.kevinribeiro.stanford.Tests;
				PRODUCT_NAME = "$(TARGET_NAME)";
				SDKROOT = auto;
				SUPPORTED_PLATFORMS = "iphoneos iphonesimulator macosx";
				SWIFT_ACTIVE_COMPILATION_CONDITIONS = DEBUG;
				SWIFT_EMIT_LOC_STRINGS = NO;
				SWIFT_OPTIMIZATION_LEVEL = "-Onone";
				SWIFT_VERSION = 5.0;
				TARGETED_DEVICE_FAMILY = "1,2";
			};
			name = Debug;
		};
		ED1FA0102B53245C003882E3 /* Release */ = {
			isa = XCBuildConfiguration;
			buildSettings = {
				ALWAYS_SEARCH_USER_PATHS = NO;
				CLANG_ANALYZER_NONNULL = YES;
				CLANG_ANALYZER_NUMBER_OBJECT_CONVERSION = YES_AGGRESSIVE;
				CLANG_CXX_LANGUAGE_STANDARD = "gnu++20";
				CLANG_ENABLE_MODULES = YES;
				CLANG_ENABLE_OBJC_ARC = YES;
				CLANG_ENABLE_OBJC_WEAK = YES;
				CLANG_WARN_BLOCK_CAPTURE_AUTORELEASING = YES;
				CLANG_WARN_BOOL_CONVERSION = YES;
				CLANG_WARN_COMMA = YES;
				CLANG_WARN_CONSTANT_CONVERSION = YES;
				CLANG_WARN_DEPRECATED_OBJC_IMPLEMENTATIONS = YES;
				CLANG_WARN_DIRECT_OBJC_ISA_USAGE = YES_ERROR;
				CLANG_WARN_DOCUMENTATION_COMMENTS = YES;
				CLANG_WARN_EMPTY_BODY = YES;
				CLANG_WARN_ENUM_CONVERSION = YES;
				CLANG_WARN_INFINITE_RECURSION = YES;
				CLANG_WARN_INT_CONVERSION = YES;
				CLANG_WARN_NON_LITERAL_NULL_CONVERSION = YES;
				CLANG_WARN_OBJC_IMPLICIT_RETAIN_SELF = YES;
				CLANG_WARN_OBJC_LITERAL_CONVERSION = YES;
				CLANG_WARN_OBJC_ROOT_CLASS = YES_ERROR;
				CLANG_WARN_QUOTED_INCLUDE_IN_FRAMEWORK_HEADER = YES;
				CLANG_WARN_RANGE_LOOP_ANALYSIS = YES;
				CLANG_WARN_STRICT_PROTOTYPES = YES;
				CLANG_WARN_SUSPICIOUS_MOVE = YES;
				CLANG_WARN_UNGUARDED_AVAILABILITY = YES_AGGRESSIVE;
				CLANG_WARN_UNREACHABLE_CODE = YES;
				CLANG_WARN__DUPLICATE_METHOD_MATCH = YES;
				CODE_SIGN_STYLE = Automatic;
				COPY_PHASE_STRIP = NO;
				CURRENT_PROJECT_VERSION = 1;
				DEBUG_INFORMATION_FORMAT = "dwarf-with-dsym";
				DEVELOPMENT_TEAM = FTRCW44YW5;
				ENABLE_NS_ASSERTIONS = NO;
				ENABLE_STRICT_OBJC_MSGSEND = YES;
				GCC_C_LANGUAGE_STANDARD = gnu11;
				GCC_NO_COMMON_BLOCKS = YES;
				GCC_WARN_64_TO_32_BIT_CONVERSION = YES;
				GCC_WARN_ABOUT_RETURN_TYPE = YES_ERROR;
				GCC_WARN_UNDECLARED_SELECTOR = YES;
				GCC_WARN_UNINITIALIZED_AUTOS = YES_AGGRESSIVE;
				GCC_WARN_UNUSED_FUNCTION = YES;
				GCC_WARN_UNUSED_VARIABLE = YES;
				GENERATE_INFOPLIST_FILE = YES;
				IPHONEOS_DEPLOYMENT_TARGET = 16.1;
				MACOSX_DEPLOYMENT_TARGET = 13.0;
				MARKETING_VERSION = 1.0;
				MTL_ENABLE_DEBUG_INFO = NO;
				MTL_FAST_MATH = YES;
				PRODUCT_BUNDLE_IDENTIFIER = com.kevinribeiro.stanford.Tests;
				PRODUCT_NAME = "$(TARGET_NAME)";
				SDKROOT = auto;
				SUPPORTED_PLATFORMS = "iphoneos iphonesimulator macosx";
				SWIFT_COMPILATION_MODE = wholemodule;
				SWIFT_EMIT_LOC_STRINGS = NO;
				SWIFT_OPTIMIZATION_LEVEL = "-O";
				SWIFT_VERSION = 5.0;
				TARGETED_DEVICE_FAMILY = "1,2";
			};
			name = Release;
		};
/* End XCBuildConfiguration section */

/* Begin XCConfigurationList section */
		ED1FA0022B5323D0003882E3 /* Build configuration list for PBXProject "Stanford Alogrithm Specialization" */ = {
			isa = XCConfigurationList;
			buildConfigurations = (
				ED1FA0032B5323D0003882E3 /* Debug */,
				ED1FA0042B5323D0003882E3 /* Release */,
			);
			defaultConfigurationIsVisible = 0;
			defaultConfigurationName = Release;
		};
		ED1FA00E2B53245C003882E3 /* Build configuration list for PBXNativeTarget "Tests" */ = {
			isa = XCConfigurationList;
			buildConfigurations = (
				ED1FA00F2B53245C003882E3 /* Debug */,
				ED1FA0102B53245C003882E3 /* Release */,
			);
			defaultConfigurationIsVisible = 0;
			defaultConfigurationName = Release;
		};
/* End XCConfigurationList section */

/* Begin XCRemoteSwiftPackageReference section */
		ED1FA0112B532488003882E3 /* XCRemoteSwiftPackageReference "BigInt" */ = {
			isa = XCRemoteSwiftPackageReference;
			repositoryURL = "https://github.com/attaswift/BigInt";
			requirement = {
				branch = master;
				kind = branch;
			};
		};
/* End XCRemoteSwiftPackageReference section */

/* Begin XCSwiftPackageProductDependency section */
		ED1FA0122B532488003882E3 /* BigInt */ = {
			isa = XCSwiftPackageProductDependency;
			package = ED1FA0112B532488003882E3 /* XCRemoteSwiftPackageReference "BigInt" */;
			productName = BigInt;
		};
/* End XCSwiftPackageProductDependency section */
	};
	rootObject = ED1F9FFF2B5323D0003882E3 /* Project object */;
}
